
Microsoft Visual Studio Solution File, Format Version 12.00
# Visual Studio 15
Project("{FAE04EC0-301F-11D3-BF4B-00C04F79EFBC}") = "dotnet-manage", "dotnet-manage.csproj", "{6ECE3C0F-EEEA-4D39-B38F-F92D1C48B358}"
EndProject
Project("{2150E333-8FDC-42A3-9474-1A3956D46DE8}") = "Solution Items", "Solution Items", "{2BDB04F7-BBB6-43B7-8D25-F81B2731ED99}"
	ProjectSection(SolutionItems) = preProject
		.editorconfig = .editorconfig
		.gitignore = .gitignore
	EndProjectSection
EndProject
Global
	GlobalSection(SolutionConfigurationPlatforms) = preSolution
		Debug|Any CPU = Debug|Any CPU
		Release|Any CPU = Release|Any CPU
	EndGlobalSection
	GlobalSection(ProjectConfigurationPlatforms) = postSolution
		{6ECE3C0F-EEEA-4D39-B38F-F92D1C48B358}.Debug|Any CPU.ActiveCfg = Debug|Any CPU
		{6ECE3C0F-EEEA-4D39-B38F-F92D1C48B358}.Debug|Any CPU.Build.0 = Debug|Any CPU
		{6ECE3C0F-EEEA-4D39-B38F-F92D1C48B358}.Release|Any CPU.ActiveCfg = Release|Any CPU
		{6ECE3C0F-EEEA-4D39-B38F-F92D1C48B358}.Release|Any CPU.Build.0 = Release|Any CPU
	EndGlobalSection
EndGlobal
